// !$*UTF8*$!
{
	archiveVersion = 1;
	classes = {
	};
	objectVersion = 56;
	objects = {

/* Begin PBXBuildFile section */
		5B96719729C25BD90029CC54 /* AppDelegate.swift in Sources */ = {isa = PBXBuildFile; fileRef = 5B96719629C25BD90029CC54 /* AppDelegate.swift */; };
		5B96719929C25BD90029CC54 /* SceneDelegate.swift in Sources */ = {isa = PBXBuildFile; fileRef = 5B96719829C25BD90029CC54 /* SceneDelegate.swift */; };
		5B96719B29C25BD90029CC54 /* ViewController.swift in Sources */ = {isa = PBXBuildFile; fileRef = 5B96719A29C25BD90029CC54 /* ViewController.swift */; };
		5B96719E29C25BD90029CC54 /* Main.storyboard in Resources */ = {isa = PBXBuildFile; fileRef = 5B96719C29C25BD90029CC54 /* Main.storyboard */; };
		5B9671A029C25BDA0029CC54 /* Assets.xcassets in Resources */ = {isa = PBXBuildFile; fileRef = 5B96719F29C25BDA0029CC54 /* Assets.xcassets */; };
		5B9671A329C25BDA0029CC54 /* LaunchScreen.storyboard in Resources */ = {isa = PBXBuildFile; fileRef = 5B9671A129C25BDA0029CC54 /* LaunchScreen.storyboard */; };
		5B9671AE29C25BDA0029CC54 /* diceeTests.swift in Sources */ = {isa = PBXBuildFile; fileRef = 5B9671AD29C25BDA0029CC54 /* diceeTests.swift */; };
		5B9671B829C25BDB0029CC54 /* diceeUITests.swift in Sources */ = {isa = PBXBuildFile; fileRef = 5B9671B729C25BDB0029CC54 /* diceeUITests.swift */; };
		5B9671BA29C25BDB0029CC54 /* diceeUITestsLaunchTests.swift in Sources */ = {isa = PBXBuildFile; fileRef = 5B9671B929C25BDB0029CC54 /* diceeUITestsLaunchTests.swift */; };
/* End PBXBuildFile section */

/* Begin PBXContainerItemProxy section */
		5B9671AA29C25BDA0029CC54 /* PBXContainerItemProxy */ = {
			isa = PBXContainerItemProxy;
			containerPortal = 5B96718B29C25BD90029CC54 /* Project object */;
			proxyType = 1;
			remoteGlobalIDString = 5B96719229C25BD90029CC54;
			remoteInfo = dicee;
		};
		5B9671B429C25BDB0029CC54 /* PBXContainerItemProxy */ = {
			isa = PBXContainerItemProxy;
			containerPortal = 5B96718B29C25BD90029CC54 /* Project object */;
			proxyType = 1;
			remoteGlobalIDString = 5B96719229C25BD90029CC54;
			remoteInfo = dicee;
		};
/* End PBXContainerItemProxy section */

/* Begin PBXFileReference section */
		5B96719329C25BD90029CC54 /* dicee.app */ = {isa = PBXFileReference; explicitFileType = wrapper.application; includeInIndex = 0; path = dicee.app; sourceTree = BUILT_PRODUCTS_DIR; };
		5B96719629C25BD90029CC54 /* AppDelegate.swift */ = {isa = PBXFileReference; lastKnownFileType = sourcecode.swift; path = AppDelegate.swift; sourceTree = "<group>"; };
		5B96719829C25BD90029CC54 /* SceneDelegate.swift */ = {isa = PBXFileReference; lastKnownFileType = sourcecode.swift; path = SceneDelegate.swift; sourceTree = "<group>"; };
		5B96719A29C25BD90029CC54 /* ViewController.swift */ = {isa = PBXFileReference; lastKnownFileType = sourcecode.swift; path = ViewController.swift; sourceTree = "<group>"; };
		5B96719D29C25BD90029CC54 /* Base */ = {isa = PBXFileReference; lastKnownFileType = file.storyboard; name = Base; path = Base.lproj/Main.storyboard; sourceTree = "<group>"; };
		5B96719F29C25BDA0029CC54 /* Assets.xcassets */ = {isa = PBXFileReference; lastKnownFileType = folder.assetcatalog; path = Assets.xcassets; sourceTree = "<group>"; };
		5B9671A229C25BDA0029CC54 /* Base */ = {isa = PBXFileReference; lastKnownFileType = file.storyboard; name = Base; path = Base.lproj/LaunchScreen.storyboard; sourceTree = "<group>"; };
		5B9671A429C25BDA0029CC54 /* Info.plist */ = {isa = PBXFileReference; lastKnownFileType = text.plist.xml; path = Info.plist; sourceTree = "<group>"; };
		5B9671A929C25BDA0029CC54 /* diceeTests.xctest */ = {isa = PBXFileReference; explicitFileType = wrapper.cfbundle; includeInIndex = 0; path = diceeTests.xctest; sourceTree = BUILT_PRODUCTS_DIR; };
		5B9671AD29C25BDA0029CC54 /* diceeTests.swift */ = {isa = PBXFileReference; lastKnownFileType = sourcecode.swift; path = diceeTests.swift; sourceTree = "<group>"; };
		5B9671B329C25BDB0029CC54 /* diceeUITests.xctest */ = {isa = PBXFileReference; explicitFileType = wrapper.cfbundle; includeInIndex = 0; path = diceeUITests.xctest; sourceTree = BUILT_PRODUCTS_DIR; };
		5B9671B729C25BDB0029CC54 /* diceeUITests.swift */ = {isa = PBXFileReference; lastKnownFileType = sourcecode.swift; path = diceeUITests.swift; sourceTree = "<group>"; };
		5B9671B929C25BDB0029CC54 /* diceeUITestsLaunchTests.swift */ = {isa = PBXFileReference; lastKnownFileType = sourcecode.swift; path = diceeUITestsLaunchTests.swift; sourceTree = "<group>"; };
/* End PBXFileReference section */

/* Begin PBXFrameworksBuildPhase section */
		5B96719029C25BD90029CC54 /* Frameworks */ = {
			isa = PBXFrameworksBuildPhase;
			buildActionMask = 2147483647;
			files = (
			);
			runOnlyForDeploymentPostprocessing = 0;
		};
		5B9671A629C25BDA0029CC54 /* Frameworks */ = {
			isa = PBXFrameworksBuildPhase;
			buildActionMask = 2147483647;
			files = (
			);
			runOnlyForDeploymentPostprocessing = 0;
		};
		5B9671B029C25BDB0029CC54 /* Frameworks */ = {
			isa = PBXFrameworksBuildPhase;
			buildActionMask = 2147483647;
			files = (
			);
			runOnlyForDeploymentPostprocessing = 0;
		};
/* End PBXFrameworksBuildPhase section */

/* Begin PBXGroup section */
		5B96718A29C25BD90029CC54 = {
			isa = PBXGroup;
			children = (
				5B96719529C25BD90029CC54 /* dicee */,
				5B9671AC29C25BDA0029CC54 /* diceeTests */,
				5B9671B629C25BDB0029CC54 /* diceeUITests */,
				5B96719429C25BD90029CC54 /* Products */,
			);
			sourceTree = "<group>";
		};
		5B96719429C25BD90029CC54 /* Products */ = {
			isa = PBXGroup;
			children = (
				5B96719329C25BD90029CC54 /* dicee.app */,
				5B9671A929C25BDA0029CC54 /* diceeTests.xctest */,
				5B9671B329C25BDB0029CC54 /* diceeUITests.xctest */,
			);
			name = Products;
			sourceTree = "<group>";
		};
		5B96719529C25BD90029CC54 /* dicee */ = {
			isa = PBXGroup;
			children = (
				5B96719629C25BD90029CC54 /* AppDelegate.swift */,
				5B96719829C25BD90029CC54 /* SceneDelegate.swift */,
				5B96719A29C25BD90029CC54 /* ViewController.swift */,
				5B96719C29C25BD90029CC54 /* Main.storyboard */,
				5B96719F29C25BDA0029CC54 /* Assets.xcassets */,
				5B9671A129C25BDA0029CC54 /* LaunchScreen.storyboard */,
				5B9671A429C25BDA0029CC54 /* Info.plist */,
			);
			path = dicee;
			sourceTree = "<group>";
		};
		5B9671AC29C25BDA0029CC54 /* diceeTests */ = {
			isa = PBXGroup;
			children = (
				5B9671AD29C25BDA0029CC54 /* diceeTests.swift */,
			);
			path = diceeTests;
			sourceTree = "<group>";
		};
		5B9671B629C25BDB0029CC54 /* diceeUITests */ = {
			isa = PBXGroup;
			children = (
				5B9671B729C25BDB0029CC54 /* diceeUITests.swift */,
				5B9671B929C25BDB0029CC54 /* diceeUITestsLaunchTests.swift */,
			);
			path = diceeUITests;
			sourceTree = "<group>";
		};
/* End PBXGroup section */

/* Begin PBXNativeTarget section */
		5B96719229C25BD90029CC54 /* dicee */ = {
			isa = PBXNativeTarget;
			buildConfigurationList = 5B9671BD29C25BDB0029CC54 /* Build configuration list for PBXNativeTarget "dicee" */;
			buildPhases = (
				5B96718F29C25BD90029CC54 /* Sources */,
				5B96719029C25BD90029CC54 /* Frameworks */,
				5B96719129C25BD90029CC54 /* Resources */,
			);
			buildRules = (
			);
			dependencies = (
			);
			name = dicee;
			productName = dicee;
			productReference = 5B96719329C25BD90029CC54 /* dicee.app */;
			productType = "com.apple.product-type.application";
		};
		5B9671A829C25BDA0029CC54 /* diceeTests */ = {
			isa = PBXNativeTarget;
			buildConfigurationList = 5B9671C029C25BDB0029CC54 /* Build configuration list for PBXNativeTarget "diceeTests" */;
			buildPhases = (
				5B9671A529C25BDA0029CC54 /* Sources */,
				5B9671A629C25BDA0029CC54 /* Frameworks */,
				5B9671A729C25BDA0029CC54 /* Resources */,
			);
			buildRules = (
			);
			dependencies = (
				5B9671AB29C25BDA0029CC54 /* PBXTargetDependency */,
			);
			name = diceeTests;
			productName = diceeTests;
			productReference = 5B9671A929C25BDA0029CC54 /* diceeTests.xctest */;
			productType = "com.apple.product-type.bundle.unit-test";
		};
		5B9671B229C25BDB0029CC54 /* diceeUITests */ = {
			isa = PBXNativeTarget;
			buildConfigurationList = 5B9671C329C25BDB0029CC54 /* Build configuration list for PBXNativeTarget "diceeUITests" */;
			buildPhases = (
				5B9671AF29C25BDB0029CC54 /* Sources */,
				5B9671B029C25BDB0029CC54 /* Frameworks */,
				5B9671B129C25BDB0029CC54 /* Resources */,
			);
			buildRules = (
			);
			dependencies = (
				5B9671B529C25BDB0029CC54 /* PBXTargetDependency */,
			);
			name = diceeUITests;
			productName = diceeUITests;
			productReference = 5B9671B329C25BDB0029CC54 /* diceeUITests.xctest */;
			productType = "com.apple.product-type.bundle.ui-testing";
		};
/* End PBXNativeTarget section */

/* Begin PBXProject section */
		5B96718B29C25BD90029CC54 /* Project object */ = {
			isa = PBXProject;
			attributes = {
				BuildIndependentTargetsInParallel = 1;
				LastSwiftUpdateCheck = 1420;
				LastUpgradeCheck = 1420;
				TargetAttributes = {
					5B96719229C25BD90029CC54 = {
						CreatedOnToolsVersion = 14.2;
					};
					5B9671A829C25BDA0029CC54 = {
						CreatedOnToolsVersion = 14.2;
						TestTargetID = 5B96719229C25BD90029CC54;
					};
					5B9671B229C25BDB0029CC54 = {
						CreatedOnToolsVersion = 14.2;
						TestTargetID = 5B96719229C25BD90029CC54;
					};
				};
			};
			buildConfigurationList = 5B96718E29C25BD90029CC54 /* Build configuration list for PBXProject "dicee" */;
			compatibilityVersion = "Xcode 14.0";
			developmentRegion = en;
			hasScannedForEncodings = 0;
			knownRegions = (
				en,
				Base,
			);
			mainGroup = 5B96718A29C25BD90029CC54;
			productRefGroup = 5B96719429C25BD90029CC54 /* Products */;
			projectDirPath = "";
			projectRoot = "";
			targets = (
				5B96719229C25BD90029CC54 /* dicee */,
				5B9671A829C25BDA0029CC54 /* diceeTests */,
				5B9671B229C25BDB0029CC54 /* diceeUITests */,
			);
		};
/* End PBXProject section */

/* Begin PBXResourcesBuildPhase section */
		5B96719129C25BD90029CC54 /* Resources */ = {
			isa = PBXResourcesBuildPhase;
			buildActionMask = 2147483647;
			files = (
				5B9671A329C25BDA0029CC54 /* LaunchScreen.storyboard in Resources */,
				5B9671A029C25BDA0029CC54 /* Assets.xcassets in Resources */,
				5B96719E29C25BD90029CC54 /* Main.storyboard in Resources */,
			);
			runOnlyForDeploymentPostprocessing = 0;
		};
		5B9671A729C25BDA0029CC54 /* Resources */ = {
			isa = PBXResourcesBuildPhase;
			buildActionMask = 2147483647;
			files = (
			);
			runOnlyForDeploymentPostprocessing = 0;
		};
		5B9671B129C25BDB0029CC54 /* Resources */ = {
			isa = PBXResourcesBuildPhase;
			buildActionMask = 2147483647;
			files = (
			);
			runOnlyForDeploymentPostprocessing = 0;
		};
/* End PBXResourcesBuildPhase section */

/* Begin PBXSourcesBuildPhase section */
		5B96718F29C25BD90029CC54 /* Sources */ = {
			isa = PBXSourcesBuildPhase;
			buildActionMask = 2147483647;
			files = (
				5B96719B29C25BD90029CC54 /* ViewController.swift in Sources */,
				5B96719729C25BD90029CC54 /* AppDelegate.swift in Sources */,
				5B96719929C25BD90029CC54 /* SceneDelegate.swift in Sources */,
			);
			runOnlyForDeploymentPostprocessing = 0;
		};
		5B9671A529C25BDA0029CC54 /* Sources */ = {
			isa = PBXSourcesBuildPhase;
			buildActionMask = 2147483647;
			files = (
				5B9671AE29C25BDA0029CC54 /* diceeTests.swift in Sources */,
			);
			runOnlyForDeploymentPostprocessing = 0;
		};
		5B9671AF29C25BDB0029CC54 /* Sources */ = {
			isa = PBXSourcesBuildPhase;
			buildActionMask = 2147483647;
			files = (
				5B9671B829C25BDB0029CC54 /* diceeUITests.swift in Sources */,
				5B9671BA29C25BDB0029CC54 /* diceeUITestsLaunchTests.swift in Sources */,
			);
			runOnlyForDeploymentPostprocessing = 0;
		};
/* End PBXSourcesBuildPhase section */

/* Begin PBXTargetDependency section */
		5B9671AB29C25BDA0029CC54 /* PBXTargetDependency */ = {
			isa = PBXTargetDependency;
			target = 5B96719229C25BD90029CC54 /* dicee */;
			targetProxy = 5B9671AA29C25BDA0029CC54 /* PBXContainerItemProxy */;
		};
		5B9671B529C25BDB0029CC54 /* PBXTargetDependency */ = {
			isa = PBXTargetDependency;
			target = 5B96719229C25BD90029CC54 /* dicee */;
			targetProxy = 5B9671B429C25BDB0029CC54 /* PBXContainerItemProxy */;
		};
/* End PBXTargetDependency section */

/* Begin PBXVariantGroup section */
		5B96719C29C25BD90029CC54 /* Main.storyboard */ = {
			isa = PBXVariantGroup;
			children = (
				5B96719D29C25BD90029CC54 /* Base */,
			);
			name = Main.storyboard;
			sourceTree = "<group>";
		};
		5B9671A129C25BDA0029CC54 /* LaunchScreen.storyboard */ = {
			isa = PBXVariantGroup;
			children = (
				5B9671A229C25BDA0029CC54 /* Base */,
			);
			name = LaunchScreen.storyboard;
			sourceTree = "<group>";
		};
/* End PBXVariantGroup section */

/* Begin XCBuildConfiguration section */
		5B9671BB29C25BDB0029CC54 /* Debug */ = {
			isa = XCBuildConfiguration;
			buildSettings = {
				ALWAYS_SEARCH_USER_PATHS = NO;
				CLANG_ANALYZER_NONNULL = YES;
				CLANG_ANALYZER_NUMBER_OBJECT_CONVERSION = YES_AGGRESSIVE;
				CLANG_CXX_LANGUAGE_STANDARD = "gnu++20";
				CLANG_ENABLE_MODULES = YES;
				CLANG_ENABLE_OBJC_ARC = YES;
				CLANG_ENABLE_OBJC_WEAK = YES;
				CLANG_WARN_BLOCK_CAPTURE_AUTORELEASING = YES;
				CLANG_WARN_BOOL_CONVERSION = YES;
				CLANG_WARN_COMMA = YES;
				CLANG_WARN_CONSTANT_CONVERSION = YES;
				CLANG_WARN_DEPRECATED_OBJC_IMPLEMENTATIONS = YES;
				CLANG_WARN_DIRECT_OBJC_ISA_USAGE = YES_ERROR;
				CLANG_WARN_DOCUMENTATION_COMMENTS = YES;
				CLANG_WARN_EMPTY_BODY = YES;
				CLANG_WARN_ENUM_CONVERSION = YES;
				CLANG_WARN_INFINITE_RECURSION = YES;
				CLANG_WARN_INT_CONVERSION = YES;
				CLANG_WARN_NON_LITERAL_NULL_CONVERSION = YES;
				CLANG_WARN_OBJC_IMPLICIT_RETAIN_SELF = YES;
				CLANG_WARN_OBJC_LITERAL_CONVERSION = YES;
				CLANG_WARN_OBJC_ROOT_CLASS = YES_ERROR;
				CLANG_WARN_QUOTED_INCLUDE_IN_FRAMEWORK_HEADER = YES;
				CLANG_WARN_RANGE_LOOP_ANALYSIS = YES;
				CLANG_WARN_STRICT_PROTOTYPES = YES;
				CLANG_WARN_SUSPICIOUS_MOVE = YES;
				CLANG_WARN_UNGUARDED_AVAILABILITY = YES_AGGRESSIVE;
				CLANG_WARN_UNREACHABLE_CODE = YES;
				CLANG_WARN__DUPLICATE_METHOD_MATCH = YES;
				COPY_PHASE_STRIP = NO;
				DEBUG_INFORMATION_FORMAT = dwarf;
				ENABLE_STRICT_OBJC_MSGSEND = YES;
				ENABLE_TESTABILITY = YES;
				GCC_C_LANGUAGE_STANDARD = gnu11;
				GCC_DYNAMIC_NO_PIC = NO;
				GCC_NO_COMMON_BLOCKS = YES;
				GCC_OPTIMIZATION_LEVEL = 0;
				GCC_PREPROCESSOR_DEFINITIONS = (
					"DEBUG=1",
					"$(inherited)",
				);
				GCC_WARN_64_TO_32_BIT_CONVERSION = YES;
				GCC_WARN_ABOUT_RETURN_TYPE = YES_ERROR;
				GCC_WARN_UNDECLARED_SELECTOR = YES;
				GCC_WARN_UNINITIALIZED_AUTOS = YES_AGGRESSIVE;
				GCC_WARN_UNUSED_FUNCTION = YES;
				GCC_WARN_UNUSED_VARIABLE = YES;
				IPHONEOS_DEPLOYMENT_TARGET = 16.2;
				MTL_ENABLE_DEBUG_INFO = INCLUDE_SOURCE;
				MTL_FAST_MATH = YES;
				ONLY_ACTIVE_ARCH = YES;
				SDKROOT = iphoneos;
				SWIFT_ACTIVE_COMPILATION_CONDITIONS = DEBUG;
				SWIFT_OPTIMIZATION_LEVEL = "-Onone";
			};
			name = Debug;
		};
		5B9671BC29C25BDB0029CC54 /* Release */ = {
			isa = XCBuildConfiguration;
			buildSettings = {
				ALWAYS_SEARCH_USER_PATHS = NO;
				CLANG_ANALYZER_NONNULL = YES;
				CLANG_ANALYZER_NUMBER_OBJECT_CONVERSION = YES_AGGRESSIVE;
				CLANG_CXX_LANGUAGE_STANDARD = "gnu++20";
				CLANG_ENABLE_MODULES = YES;
				CLANG_ENABLE_OBJC_ARC = YES;
				CLANG_ENABLE_OBJC_WEAK = YES;
				CLANG_WARN_BLOCK_CAPTURE_AUTORELEASING = YES;
				CLANG_WARN_BOOL_CONVERSION = YES;
				CLANG_WARN_COMMA = YES;
				CLANG_WARN_CONSTANT_CONVERSION = YES;
				CLANG_WARN_DEPRECATED_OBJC_IMPLEMENTATIONS = YES;
				CLANG_WARN_DIRECT_OBJC_ISA_USAGE = YES_ERROR;
				CLANG_WARN_DOCUMENTATION_COMMENTS = YES;
				CLANG_WARN_EMPTY_BODY = YES;
				CLANG_WARN_ENUM_CONVERSION = YES;
				CLANG_WARN_INFINITE_RECURSION = YES;
				CLANG_WARN_INT_CONVERSION = YES;
				CLANG_WARN_NON_LITERAL_NULL_CONVERSION = YES;
				CLANG_WARN_OBJC_IMPLICIT_RETAIN_SELF = YES;
				CLANG_WARN_OBJC_LITERAL_CONVERSION = YES;
				CLANG_WARN_OBJC_ROOT_CLASS = YES_ERROR;
				CLANG_WARN_QUOTED_INCLUDE_IN_FRAMEWORK_HEADER = YES;
				CLANG_WARN_RANGE_LOOP_ANALYSIS = YES;
				CLANG_WARN_STRICT_PROTOTYPES = YES;
				CLANG_WARN_SUSPICIOUS_MOVE = YES;
				CLANG_WARN_UNGUARDED_AVAILABILITY = YES_AGGRESSIVE;
				CLANG_WARN_UNREACHABLE_CODE = YES;
				CLANG_WARN__DUPLICATE_METHOD_MATCH = YES;
				COPY_PHASE_STRIP = NO;
				DEBUG_INFORMATION_FORMAT = "dwarf-with-dsym";
				ENABLE_NS_ASSERTIONS = NO;
				ENABLE_STRICT_OBJC_MSGSEND = YES;
				GCC_C_LANGUAGE_STANDARD = gnu11;
				GCC_NO_COMMON_BLOCKS = YES;
				GCC_WARN_64_TO_32_BIT_CONVERSION = YES;
				GCC_WARN_ABOUT_RETURN_TYPE = YES_ERROR;
				GCC_WARN_UNDECLARED_SELECTOR = YES;
				GCC_WARN_UNINITIALIZED_AUTOS = YES_AGGRESSIVE;
				GCC_WARN_UNUSED_FUNCTION = YES;
				GCC_WARN_UNUSED_VARIABLE = YES;
				IPHONEOS_DEPLOYMENT_TARGET = 16.2;
				MTL_ENABLE_DEBUG_INFO = NO;
				MTL_FAST_MATH = YES;
				SDKROOT = iphoneos;
				SWIFT_COMPILATION_MODE = wholemodule;
				SWIFT_OPTIMIZATION_LEVEL = "-O";
				VALIDATE_PRODUCT = YES;
			};
			name = Release;
		};
		5B9671BE29C25BDB0029CC54 /* Debug */ = {
			isa = XCBuildConfiguration;
			buildSettings = {
				ASSETCATALOG_COMPILER_APPICON_NAME = AppIcon;
				ASSETCATALOG_COMPILER_GLOBAL_ACCENT_COLOR_NAME = AccentColor;
				CODE_SIGN_STYLE = Automatic;
				CURRENT_PROJECT_VERSION = 1;
				DEVELOPMENT_TEAM = BMBZXVKB64;
				GENERATE_INFOPLIST_FILE = YES;
				INFOPLIST_FILE = dicee/Info.plist;
				INFOPLIST_KEY_UIApplicationSupportsIndirectInputEvents = YES;
				INFOPLIST_KEY_UILaunchStoryboardName = LaunchScreen;
				INFOPLIST_KEY_UIMainStoryboardFile = Main;
				INFOPLIST_KEY_UISupportedInterfaceOrientations_iPad = "UIInterfaceOrientationPortrait UIInterfaceOrientationPortraitUpsideDown UIInterfaceOrientationLandscapeLeft UIInterfaceOrientationLandscapeRight";
				INFOPLIST_KEY_UISupportedInterfaceOrientations_iPhone = "UIInterfaceOrientationPortrait UIInterfaceOrientationLandscapeLeft UIInterfaceOrientationLandscapeRight";
				LD_RUNPATH_SEARCH_PATHS = (
					"$(inherited)",
					"@executable_path/Frameworks",
				);
				MARKETING_VERSION = 1.0;
				PRODUCT_BUNDLE_IDENTIFIER = com.wedlec.dicee;
				PRODUCT_NAME = "$(TARGET_NAME)";
				SWIFT_EMIT_LOC_STRINGS = YES;
				SWIFT_VERSION = 5.0;
				TARGETED_DEVICE_FAMILY = "1,2";
			};
			name = Debug;
		};
		5B9671BF29C25BDB0029CC54 /* Release */ = {
			isa = XCBuildConfiguration;
			buildSettings = {
				ASSETCATALOG_COMPILER_APPICON_NAME = AppIcon;
				ASSETCATALOG_COMPILER_GLOBAL_ACCENT_COLOR_NAME = AccentColor;
				CODE_SIGN_STYLE = Automatic;
				CURRENT_PROJECT_VERSION = 1;
				DEVELOPMENT_TEAM = BMBZXVKB64;
				GENERATE_INFOPLIST_FILE = YES;
				INFOPLIST_FILE = dicee/Info.plist;
				INFOPLIST_KEY_UIApplicationSupportsIndirectInputEvents = YES;
				INFOPLIST_KEY_UILaunchStoryboardName = LaunchScreen;
				INFOPLIST_KEY_UIMainStoryboardFile = Main;
				INFOPLIST_KEY_UISupportedInterfaceOrientations_iPad = "UIInterfaceOrientationPortrait UIInterfaceOrientationPortraitUpsideDown UIInterfaceOrientationLandscapeLeft UIInterfaceOrientationLandscapeRight";
				INFOPLIST_KEY_UISupportedInterfaceOrientations_iPhone = "UIInterfaceOrientationPortrait UIInterfaceOrientationLandscapeLeft UIInterfaceOrientationLandscapeRight";
				LD_RUNPATH_SEARCH_PATHS = (
					"$(inherited)",
					"@executable_path/Frameworks",
				);
				MARKETING_VERSION = 1.0;
				PRODUCT_BUNDLE_IDENTIFIER = com.wedlec.dicee;
				PRODUCT_NAME = "$(TARGET_NAME)";
				SWIFT_EMIT_LOC_STRINGS = YES;
				SWIFT_VERSION = 5.0;
				TARGETED_DEVICE_FAMILY = "1,2";
			};
			name = Release;
		};
		5B9671C129C25BDB0029CC54 /* Debug */ = {
			isa = XCBuildConfiguration;
			buildSettings = {
				ALWAYS_EMBED_SWIFT_STANDARD_LIBRARIES = YES;
				BUNDLE_LOADER = "$(TEST_HOST)";
				CODE_SIGN_STYLE = Automatic;
				CURRENT_PROJECT_VERSION = 1;
				DEVELOPMENT_TEAM = BMBZXVKB64;
				GENERATE_INFOPLIST_FILE = YES;
				IPHONEOS_DEPLOYMENT_TARGET = 16.2;
				MARKETING_VERSION = 1.0;
				PRODUCT_BUNDLE_IDENTIFIER = com.wedlec.diceeTests;
				PRODUCT_NAME = "$(TARGET_NAME)";
				SWIFT_EMIT_LOC_STRINGS = NO;
				SWIFT_VERSION = 5.0;
				TARGETED_DEVICE_FAMILY = "1,2";
				TEST_HOST = "$(BUILT_PRODUCTS_DIR)/dicee.app/$(BUNDLE_EXECUTABLE_FOLDER_PATH)/dicee";
			};
			name = Debug;
		};
		5B9671C229C25BDB0029CC54 /* Release */ = {
			isa = XCBuildConfiguration;
			buildSettings = {
				ALWAYS_EMBED_SWIFT_STANDARD_LIBRARIES = YES;
				BUNDLE_LOADER = "$(TEST_HOST)";
				CODE_SIGN_STYLE = Automatic;
				CURRENT_PROJECT_VERSION = 1;
				DEVELOPMENT_TEAM = BMBZXVKB64;
				GENERATE_INFOPLIST_FILE = YES;
				IPHONEOS_DEPLOYMENT_TARGET = 16.2;
				MARKETING_VERSION = 1.0;
				PRODUCT_BUNDLE_IDENTIFIER = com.wedlec.diceeTests;
				PRODUCT_NAME = "$(TARGET_NAME)";
				SWIFT_EMIT_LOC_STRINGS = NO;
				SWIFT_VERSION = 5.0;
				TARGETED_DEVICE_FAMILY = "1,2";
				TEST_HOST = "$(BUILT_PRODUCTS_DIR)/dicee.app/$(BUNDLE_EXECUTABLE_FOLDER_PATH)/dicee";
			};
			name = Release;
		};
		5B9671C429C25BDB0029CC54 /* Debug */ = {
			isa = XCBuildConfiguration;
			buildSettings = {
				ALWAYS_EMBED_SWIFT_STANDARD_LIBRARIES = YES;
				CODE_SIGN_STYLE = Automatic;
				CURRENT_PROJECT_VERSION = 1;
				DEVELOPMENT_TEAM = BMBZXVKB64;
				GENERATE_INFOPLIST_FILE = YES;
				MARKETING_VERSION = 1.0;
				PRODUCT_BUNDLE_IDENTIFIER = com.wedlec.diceeUITests;
				PRODUCT_NAME = "$(TARGET_NAME)";
				SWIFT_EMIT_LOC_STRINGS = NO;
				SWIFT_VERSION = 5.0;
				TARGETED_DEVICE_FAMILY = "1,2";
				TEST_TARGET_NAME = dicee;
			};
			name = Debug;
		};
		5B9671C529C25BDB0029CC54 /* Release */ = {
			isa = XCBuildConfiguration;
			buildSettings = {
				ALWAYS_EMBED_SWIFT_STANDARD_LIBRARIES = YES;
				CODE_SIGN_STYLE = Automatic;
				CURRENT_PROJECT_VERSION = 1;
				DEVELOPMENT_TEAM = BMBZXVKB64;
				GENERATE_INFOPLIST_FILE = YES;
				MARKETING_VERSION = 1.0;
				PRODUCT_BUNDLE_IDENTIFIER = com.wedlec.diceeUITests;
				PRODUCT_NAME = "$(TARGET_NAME)";
				SWIFT_EMIT_LOC_STRINGS = NO;
				SWIFT_VERSION = 5.0;
				TARGETED_DEVICE_FAMILY = "1,2";
				TEST_TARGET_NAME = dicee;
			};
			name = Release;
		};
/* End XCBuildConfiguration section */

/* Begin XCConfigurationList section */
		5B96718E29C25BD90029CC54 /* Build configuration list for PBXProject "dicee" */ = {
			isa = XCConfigurationList;
			buildConfigurations = (
				5B9671BB29C25BDB0029CC54 /* Debug */,
				5B9671BC29C25BDB0029CC54 /* Release */,
			);
			defaultConfigurationIsVisible = 0;
			defaultConfigurationName = Release;
		};
		5B9671BD29C25BDB0029CC54 /* Build configuration list for PBXNativeTarget "dicee" */ = {
			isa = XCConfigurationList;
			buildConfigurations = (
				5B9671BE29C25BDB0029CC54 /* Debug */,
				5B9671BF29C25BDB0029CC54 /* Release */,
			);
			defaultConfigurationIsVisible = 0;
			defaultConfigurationName = Release;
		};
		5B9671C029C25BDB0029CC54 /* Build configuration list for PBXNativeTarget "diceeTests" */ = {
			isa = XCConfigurationList;
			buildConfigurations = (
				5B9671C129C25BDB0029CC54 /* Debug */,
				5B9671C229C25BDB0029CC54 /* Release */,
			);
			defaultConfigurationIsVisible = 0;
			defaultConfigurationName = Release;
		};
		5B9671C329C25BDB0029CC54 /* Build configuration list for PBXNativeTarget "diceeUITests" */ = {
			isa = XCConfigurationList;
			buildConfigurations = (
				5B9671C429C25BDB0029CC54 /* Debug */,
				5B9671C529C25BDB0029CC54 /* Release */,
			);
			defaultConfigurationIsVisible = 0;
			defaultConfigurationName = Release;
		};
/* End XCConfigurationList section */
	};
	rootObject = 5B96718B29C25BD90029CC54 /* Project object */;
}
